
Microsoft Visual Studio Solution File, Format Version 12.00
Project("{2150E333-8FDC-42A3-9474-1A3956D46DE8}") = "src", "src", "{25982287-47D1-4558-BE6B-4BCACCA9DB54}"
EndProject
Project("{2150E333-8FDC-42A3-9474-1A3956D46DE8}") = "tests", "tests", "{B9A4CF11-9401-4F6C-8E55-8E264D7EDFF0}"
EndProject
Project("{2150E333-8FDC-42A3-9474-1A3956D46DE8}") = "Backend", "Backend", "{B082667A-6420-4416-ACDF-3EA1FB66C40B}"
EndProject
Project("{FAE04EC0-301F-11D3-BF4B-00C04F79EFBC}") = "ECommerce.API", "src\Backend\ECommerce.API\ECommerce.API.csproj", "{FB30EAF9-233A-4393-A45D-DA2D33D997D4}"
EndProject
Project("{2150E333-8FDC-42A3-9474-1A3956D46DE8}") = "Shared", "Shared", "{EE116B89-062B-4EB4-A642-35A36FDF9E87}"
EndProject
Project("{FAE04EC0-301F-11D3-BF4B-00C04F79EFBC}") = "ECommerce.Application", "src\Backend\ECommerce.Application\ECommerce.Application.csproj", "{560B6EFC-FF74-409D-91D8-9F947E53D299}"
EndProject
Project("{FAE04EC0-301F-11D3-BF4B-00C04F79EFBC}") = "ECommerce.Domain", "src\Backend\ECommerce.Domain\ECommerce.Domain.csproj", "{913837BC-0BBE-4FE4-B967-448437669073}"
EndProject
Project("{FAE04EC0-301F-11D3-BF4B-00C04F79EFBC}") = "Communication", "src\Shared\Communication\Communication.csproj", "{11145D16-045A-4100-AD4C-3CE6831318E7}"
EndProject
Project("{FAE04EC0-301F-11D3-BF4B-00C04F79EFBC}") = "Exceptions", "src\Shared\Exceptions\Exceptions.csproj", "{077212D9-9F8F-40A5-8518-310D6753BEA3}"
EndProject
Project("{FAE04EC0-301F-11D3-BF4B-00C04F79EFBC}") = "ECommerce.Infrastructure", "src\Backend\ECommerce.Infrastructure\ECommerce.Infrastructure.csproj", "{1D35036D-FE8C-4FAB-8CF9-0A8B80C9A94E}"
EndProject
Global
	GlobalSection(SolutionConfigurationPlatforms) = preSolution
		Debug|Any CPU = Debug|Any CPU
		Release|Any CPU = Release|Any CPU
	EndGlobalSection
	GlobalSection(NestedProjects) = preSolution
		{B082667A-6420-4416-ACDF-3EA1FB66C40B} = {25982287-47D1-4558-BE6B-4BCACCA9DB54}
		{FB30EAF9-233A-4393-A45D-DA2D33D997D4} = {B082667A-6420-4416-ACDF-3EA1FB66C40B}
		{EE116B89-062B-4EB4-A642-35A36FDF9E87} = {25982287-47D1-4558-BE6B-4BCACCA9DB54}
		{560B6EFC-FF74-409D-91D8-9F947E53D299} = {B082667A-6420-4416-ACDF-3EA1FB66C40B}
		{913837BC-0BBE-4FE4-B967-448437669073} = {B082667A-6420-4416-ACDF-3EA1FB66C40B}
		{11145D16-045A-4100-AD4C-3CE6831318E7} = {EE116B89-062B-4EB4-A642-35A36FDF9E87}
		{077212D9-9F8F-40A5-8518-310D6753BEA3} = {EE116B89-062B-4EB4-A642-35A36FDF9E87}
		{1D35036D-FE8C-4FAB-8CF9-0A8B80C9A94E} = {B082667A-6420-4416-ACDF-3EA1FB66C40B}
	EndGlobalSection
	GlobalSection(ProjectConfigurationPlatforms) = postSolution
		{FB30EAF9-233A-4393-A45D-DA2D33D997D4}.Debug|Any CPU.ActiveCfg = Debug|Any CPU
		{FB30EAF9-233A-4393-A45D-DA2D33D997D4}.Debug|Any CPU.Build.0 = Debug|Any CPU
		{FB30EAF9-233A-4393-A45D-DA2D33D997D4}.Release|Any CPU.ActiveCfg = Release|Any CPU
		{FB30EAF9-233A-4393-A45D-DA2D33D997D4}.Release|Any CPU.Build.0 = Release|Any CPU
		{560B6EFC-FF74-409D-91D8-9F947E53D299}.Debug|Any CPU.ActiveCfg = Debug|Any CPU
		{560B6EFC-FF74-409D-91D8-9F947E53D299}.Debug|Any CPU.Build.0 = Debug|Any CPU
		{560B6EFC-FF74-409D-91D8-9F947E53D299}.Release|Any CPU.ActiveCfg = Release|Any CPU
		{560B6EFC-FF74-409D-91D8-9F947E53D299}.Release|Any CPU.Build.0 = Release|Any CPU
		{913837BC-0BBE-4FE4-B967-448437669073}.Debug|Any CPU.ActiveCfg = Debug|Any CPU
		{913837BC-0BBE-4FE4-B967-448437669073}.Debug|Any CPU.Build.0 = Debug|Any CPU
		{913837BC-0BBE-4FE4-B967-448437669073}.Release|Any CPU.ActiveCfg = Release|Any CPU
		{913837BC-0BBE-4FE4-B967-448437669073}.Release|Any CPU.Build.0 = Release|Any CPU
		{11145D16-045A-4100-AD4C-3CE6831318E7}.Debug|Any CPU.ActiveCfg = Debug|Any CPU
		{11145D16-045A-4100-AD4C-3CE6831318E7}.Debug|Any CPU.Build.0 = Debug|Any CPU
		{11145D16-045A-4100-AD4C-3CE6831318E7}.Release|Any CPU.ActiveCfg = Release|Any CPU
		{11145D16-045A-4100-AD4C-3CE6831318E7}.Release|Any CPU.Build.0 = Release|Any CPU
		{077212D9-9F8F-40A5-8518-310D6753BEA3}.Debug|Any CPU.ActiveCfg = Debug|Any CPU
		{077212D9-9F8F-40A5-8518-310D6753BEA3}.Debug|Any CPU.Build.0 = Debug|Any CPU
		{077212D9-9F8F-40A5-8518-310D6753BEA3}.Release|Any CPU.ActiveCfg = Release|Any CPU
		{077212D9-9F8F-40A5-8518-310D6753BEA3}.Release|Any CPU.Build.0 = Release|Any CPU
		{1D35036D-FE8C-4FAB-8CF9-0A8B80C9A94E}.Debug|Any CPU.ActiveCfg = Debug|Any CPU
		{1D35036D-FE8C-4FAB-8CF9-0A8B80C9A94E}.Debug|Any CPU.Build.0 = Debug|Any CPU
		{1D35036D-FE8C-4FAB-8CF9-0A8B80C9A94E}.Release|Any CPU.ActiveCfg = Release|Any CPU
		{1D35036D-FE8C-4FAB-8CF9-0A8B80C9A94E}.Release|Any CPU.Build.0 = Release|Any CPU
	EndGlobalSection
EndGlobal
